
Microsoft Visual Studio Solution File, Format Version 12.00
# Visual Studio 15
VisualStudioVersion = 15.0.27130.2036
MinimumVisualStudioVersion = 10.0.40219.1
Project("{9A19103F-16F7-4668-BE54-9A1E7A4F7556}") = "UEditor.Core", "UEditor.Core\UEditor.Core.csproj", "{9EC46E4A-BFDF-49EC-A821-36799DC51086}"
EndProject
Project("{9A19103F-16F7-4668-BE54-9A1E7A4F7556}") = "Sample.Api", "Sample.Api\Sample.Api.csproj", "{9E3FFD3D-CCFB-4D2E-8858-AEEBA01DD9EC}"
EndProject
Project("{9A19103F-16F7-4668-BE54-9A1E7A4F7556}") = "Sample.Web", "Sample.Web\Sample.Web.csproj", "{9D90C989-8642-408E-BBE3-D201F2FB903E}"
EndProject
Project("{2150E333-8FDC-42A3-9474-1A3956D46DE8}") = "2.1core", "2.1core", "{8B14B00E-B1F9-414F-BD43-3B1C0D945842}"
EndProject
Project("{2150E333-8FDC-42A3-9474-1A3956D46DE8}") = "2.2framework", "2.2framework", "{B59D8AC6-9596-40CE-8FFE-945F14CE6DE2}"
EndProject
Project("{2150E333-8FDC-42A3-9474-1A3956D46DE8}") = "1standard", "1standard", "{A01D60FD-BF18-494E-8731-CA7B16B8D228}"
EndProject
Project("{2150E333-8FDC-42A3-9474-1A3956D46DE8}") = "3sample", "3sample", "{36343A32-EEAA-46DF-B791-62A7208EE3C8}"
EndProject
Project("{2150E333-8FDC-42A3-9474-1A3956D46DE8}") = "core", "core", "{C907571B-7E0F-4244-A066-779DCAAE391B}"
EndProject
Project("{2150E333-8FDC-42A3-9474-1A3956D46DE8}") = "framework", "framework", "{CD532FC8-DB79-491C-84CE-E96B99493652}"
EndProject
Project("{FAE04EC0-301F-11D3-BF4B-00C04F79EFBC}") = "UEditor.Framework", "UEditor.Framework\UEditor.Framework.csproj", "{76D7D0C9-0C26-44FD-9470-739905E6665C}"
EndProject
Project("{FAE04EC0-301F-11D3-BF4B-00C04F79EFBC}") = "UEditor.Standard", "UEditor.Standard\UEditor.Standard.csproj", "{EF31842F-E70F-4FD0-A153-60E9403EBC03}"
EndProject
Project("{FAE04EC0-301F-11D3-BF4B-00C04F79EFBC}") = "Same.Mvc", "Same.Mvc\Same.Mvc.csproj", "{F1587F66-57E2-40CF-9897-1C91206F0D34}"
EndProject
Global
	GlobalSection(SolutionConfigurationPlatforms) = preSolution
		Debug|Any CPU = Debug|Any CPU
		Release|Any CPU = Release|Any CPU
	EndGlobalSection
	GlobalSection(ProjectConfigurationPlatforms) = postSolution
		{9EC46E4A-BFDF-49EC-A821-36799DC51086}.Debug|Any CPU.ActiveCfg = Debug|Any CPU
		{9EC46E4A-BFDF-49EC-A821-36799DC51086}.Debug|Any CPU.Build.0 = Debug|Any CPU
		{9EC46E4A-BFDF-49EC-A821-36799DC51086}.Release|Any CPU.ActiveCfg = Release|Any CPU
		{9EC46E4A-BFDF-49EC-A821-36799DC51086}.Release|Any CPU.Build.0 = Release|Any CPU
		{9E3FFD3D-CCFB-4D2E-8858-AEEBA01DD9EC}.Debug|Any CPU.ActiveCfg = Debug|Any CPU
		{9E3FFD3D-CCFB-4D2E-8858-AEEBA01DD9EC}.Debug|Any CPU.Build.0 = Debug|Any CPU
		{9E3FFD3D-CCFB-4D2E-8858-AEEBA01DD9EC}.Release|Any CPU.ActiveCfg = Release|Any CPU
		{9E3FFD3D-CCFB-4D2E-8858-AEEBA01DD9EC}.Release|Any CPU.Build.0 = Release|Any CPU
		{9D90C989-8642-408E-BBE3-D201F2FB903E}.Debug|Any CPU.ActiveCfg = Debug|Any CPU
		{9D90C989-8642-408E-BBE3-D201F2FB903E}.Debug|Any CPU.Build.0 = Debug|Any CPU
		{9D90C989-8642-408E-BBE3-D201F2FB903E}.Release|Any CPU.ActiveCfg = Release|Any CPU
		{9D90C989-8642-408E-BBE3-D201F2FB903E}.Release|Any CPU.Build.0 = Release|Any CPU
		{76D7D0C9-0C26-44FD-9470-739905E6665C}.Debug|Any CPU.ActiveCfg = Debug|Any CPU
		{76D7D0C9-0C26-44FD-9470-739905E6665C}.Debug|Any CPU.Build.0 = Debug|Any CPU
		{76D7D0C9-0C26-44FD-9470-739905E6665C}.Release|Any CPU.ActiveCfg = Release|Any CPU
		{76D7D0C9-0C26-44FD-9470-739905E6665C}.Release|Any CPU.Build.0 = Release|Any CPU
		{EF31842F-E70F-4FD0-A153-60E9403EBC03}.Debug|Any CPU.ActiveCfg = Debug|Any CPU
		{EF31842F-E70F-4FD0-A153-60E9403EBC03}.Debug|Any CPU.Build.0 = Debug|Any CPU
		{EF31842F-E70F-4FD0-A153-60E9403EBC03}.Release|Any CPU.ActiveCfg = Release|Any CPU
		{EF31842F-E70F-4FD0-A153-60E9403EBC03}.Release|Any CPU.Build.0 = Release|Any CPU
		{F1587F66-57E2-40CF-9897-1C91206F0D34}.Debug|Any CPU.ActiveCfg = Debug|Any CPU
		{F1587F66-57E2-40CF-9897-1C91206F0D34}.Debug|Any CPU.Build.0 = Debug|Any CPU
		{F1587F66-57E2-40CF-9897-1C91206F0D34}.Release|Any CPU.ActiveCfg = Release|Any CPU
		{F1587F66-57E2-40CF-9897-1C91206F0D34}.Release|Any CPU.Build.0 = Release|Any CPU
	EndGlobalSection
	GlobalSection(SolutionProperties) = preSolution
		HideSolutionNode = FALSE
	EndGlobalSection
	GlobalSection(NestedProjects) = preSolution
		{9EC46E4A-BFDF-49EC-A821-36799DC51086} = {8B14B00E-B1F9-414F-BD43-3B1C0D945842}
		{9E3FFD3D-CCFB-4D2E-8858-AEEBA01DD9EC} = {C907571B-7E0F-4244-A066-779DCAAE391B}
		{9D90C989-8642-408E-BBE3-D201F2FB903E} = {C907571B-7E0F-4244-A066-779DCAAE391B}
		{C907571B-7E0F-4244-A066-779DCAAE391B} = {36343A32-EEAA-46DF-B791-62A7208EE3C8}
		{CD532FC8-DB79-491C-84CE-E96B99493652} = {36343A32-EEAA-46DF-B791-62A7208EE3C8}
		{76D7D0C9-0C26-44FD-9470-739905E6665C} = {B59D8AC6-9596-40CE-8FFE-945F14CE6DE2}
		{EF31842F-E70F-4FD0-A153-60E9403EBC03} = {A01D60FD-BF18-494E-8731-CA7B16B8D228}
		{F1587F66-57E2-40CF-9897-1C91206F0D34} = {CD532FC8-DB79-491C-84CE-E96B99493652}
	EndGlobalSection
	GlobalSection(ExtensibilityGlobals) = postSolution
		SolutionGuid = {3E3B9BF1-D9DC-4237-AB0B-080C3D26441D}
	EndGlobalSection
EndGlobal
